
Microsoft Visual Studio Solution File, Format Version 12.00
# Visual Studio Version 17
VisualStudioVersion = 17.10.35122.118
MinimumVisualStudioVersion = 10.0.40219.1
Project("{FAE04EC0-301F-11D3-BF4B-00C04F79EFBC}") = "WebAPI", "WebAPI\WebAPI.csproj", "{B5184EBD-0B0B-4AA9-8B36-FAECEB8B7F08}"
EndProject
Project("{FAE04EC0-301F-11D3-BF4B-00C04F79EFBC}") = "Infraestructure", "Infraestructure\Infraestructure.csproj", "{920B5E4A-9C29-43CA-88F5-244D25720333}"
EndProject
Project("{FAE04EC0-301F-11D3-BF4B-00C04F79EFBC}") = "Core", "Core\Core.csproj", "{FFF95968-BE8B-47C7-8555-1A3A3C019362}"
EndProject
Project("{FAE04EC0-301F-11D3-BF4B-00C04F79EFBC}") = "Logic", "Logic\Logic.csproj", "{952776BE-583E-4C16-A57C-0D2266C07878}"
EndProject
Global
	GlobalSection(SolutionConfigurationPlatforms) = preSolution
		Debug|Any CPU = Debug|Any CPU
		Release|Any CPU = Release|Any CPU
	EndGlobalSection
	GlobalSection(ProjectConfigurationPlatforms) = postSolution
		{B5184EBD-0B0B-4AA9-8B36-FAECEB8B7F08}.Debug|Any CPU.ActiveCfg = Debug|Any CPU
		{B5184EBD-0B0B-4AA9-8B36-FAECEB8B7F08}.Debug|Any CPU.Build.0 = Debug|Any CPU
		{B5184EBD-0B0B-4AA9-8B36-FAECEB8B7F08}.Release|Any CPU.ActiveCfg = Release|Any CPU
		{B5184EBD-0B0B-4AA9-8B36-FAECEB8B7F08}.Release|Any CPU.Build.0 = Release|Any CPU
		{920B5E4A-9C29-43CA-88F5-244D25720333}.Debug|Any CPU.ActiveCfg = Debug|Any CPU
		{920B5E4A-9C29-43CA-88F5-244D25720333}.Debug|Any CPU.Build.0 = Debug|Any CPU
		{920B5E4A-9C29-43CA-88F5-244D25720333}.Release|Any CPU.ActiveCfg = Release|Any CPU
		{920B5E4A-9C29-43CA-88F5-244D25720333}.Release|Any CPU.Build.0 = Release|Any CPU
		{FFF95968-BE8B-47C7-8555-1A3A3C019362}.Debug|Any CPU.ActiveCfg = Debug|Any CPU
		{FFF95968-BE8B-47C7-8555-1A3A3C019362}.Debug|Any CPU.Build.0 = Debug|Any CPU
		{FFF95968-BE8B-47C7-8555-1A3A3C019362}.Release|Any CPU.ActiveCfg = Release|Any CPU
		{FFF95968-BE8B-47C7-8555-1A3A3C019362}.Release|Any CPU.Build.0 = Release|Any CPU
		{952776BE-583E-4C16-A57C-0D2266C07878}.Debug|Any CPU.ActiveCfg = Debug|Any CPU
		{952776BE-583E-4C16-A57C-0D2266C07878}.Debug|Any CPU.Build.0 = Debug|Any CPU
		{952776BE-583E-4C16-A57C-0D2266C07878}.Release|Any CPU.ActiveCfg = Release|Any CPU
		{952776BE-583E-4C16-A57C-0D2266C07878}.Release|Any CPU.Build.0 = Release|Any CPU
	EndGlobalSection
	GlobalSection(SolutionProperties) = preSolution
		HideSolutionNode = FALSE
	EndGlobalSection
	GlobalSection(ExtensibilityGlobals) = postSolution
		SolutionGuid = {7819F59C-FC46-4038-A77D-85FA45A2D3BA}
	EndGlobalSection
EndGlobal
